// !$*UTF8*$!
{
	archiveVersion = 1;
	classes = {
	};
	objectVersion = 50;
	objects = {

/* Begin PBXBuildFile section */
		3DEB3258270528CB00EFF101 /* AppDelegate.swift in Sources */ = {isa = PBXBuildFile; fileRef = 3DEB3257270528CB00EFF101 /* AppDelegate.swift */; };
		3DEB325A270528CB00EFF101 /* SceneDelegate.swift in Sources */ = {isa = PBXBuildFile; fileRef = 3DEB3259270528CB00EFF101 /* SceneDelegate.swift */; };
		3DEB325C270528CB00EFF101 /* RosaController.swift in Sources */ = {isa = PBXBuildFile; fileRef = 3DEB325B270528CB00EFF101 /* RosaController.swift */; };
		3DEB325F270528CB00EFF101 /* Main.storyboard in Resources */ = {isa = PBXBuildFile; fileRef = 3DEB325D270528CB00EFF101 /* Main.storyboard */; };
		3DEB3261270528CE00EFF101 /* Assets.xcassets in Resources */ = {isa = PBXBuildFile; fileRef = 3DEB3260270528CE00EFF101 /* Assets.xcassets */; };
		3DEB3264270528CE00EFF101 /* LaunchScreen.storyboard in Resources */ = {isa = PBXBuildFile; fileRef = 3DEB3262270528CE00EFF101 /* LaunchScreen.storyboard */; };
		3DEB326C27052ED000EFF101 /* VerdeController.swift in Sources */ = {isa = PBXBuildFile; fileRef = 3DEB326B27052ED000EFF101 /* VerdeController.swift */; };
/* End PBXBuildFile section */

/* Begin PBXFileReference section */
		3DEB3254270528CB00EFF101 /* NavegacionJesus.app */ = {isa = PBXFileReference; explicitFileType = wrapper.application; includeInIndex = 0; path = NavegacionJesus.app; sourceTree = BUILT_PRODUCTS_DIR; };
		3DEB3257270528CB00EFF101 /* AppDelegate.swift */ = {isa = PBXFileReference; lastKnownFileType = sourcecode.swift; path = AppDelegate.swift; sourceTree = "<group>"; };
		3DEB3259270528CB00EFF101 /* SceneDelegate.swift */ = {isa = PBXFileReference; lastKnownFileType = sourcecode.swift; path = SceneDelegate.swift; sourceTree = "<group>"; };
		3DEB325B270528CB00EFF101 /* RosaController.swift */ = {isa = PBXFileReference; lastKnownFileType = sourcecode.swift; path = RosaController.swift; sourceTree = "<group>"; };
		3DEB325E270528CB00EFF101 /* Base */ = {isa = PBXFileReference; lastKnownFileType = file.storyboard; name = Base; path = Base.lproj/Main.storyboard; sourceTree = "<group>"; };
		3DEB3260270528CE00EFF101 /* Assets.xcassets */ = {isa = PBXFileReference; lastKnownFileType = folder.assetcatalog; path = Assets.xcassets; sourceTree = "<group>"; };
		3DEB3263270528CE00EFF101 /* Base */ = {isa = PBXFileReference; lastKnownFileType = file.storyboard; name = Base; path = Base.lproj/LaunchScreen.storyboard; sourceTree = "<group>"; };
		3DEB3265270528CE00EFF101 /* Info.plist */ = {isa = PBXFileReference; lastKnownFileType = text.plist.xml; path = Info.plist; sourceTree = "<group>"; };
		3DEB326B27052ED000EFF101 /* VerdeController.swift */ = {isa = PBXFileReference; lastKnownFileType = sourcecode.swift; path = VerdeController.swift; sourceTree = "<group>"; };
/* End PBXFileReference section */

/* Begin PBXFrameworksBuildPhase section */
		3DEB3251270528CB00EFF101 /* Frameworks */ = {
			isa = PBXFrameworksBuildPhase;
			buildActionMask = 2147483647;
			files = (
			);
			runOnlyForDeploymentPostprocessing = 0;
		};
/* End PBXFrameworksBuildPhase section */

/* Begin PBXGroup section */
		3DEB324B270528CB00EFF101 = {
			isa = PBXGroup;
			children = (
				3DEB3256270528CB00EFF101 /* NavegacionJesus */,
				3DEB3255270528CB00EFF101 /* Products */,
			);
			sourceTree = "<group>";
		};
		3DEB3255270528CB00EFF101 /* Products */ = {
			isa = PBXGroup;
			children = (
				3DEB3254270528CB00EFF101 /* NavegacionJesus.app */,
			);
			name = Products;
			sourceTree = "<group>";
		};
		3DEB3256270528CB00EFF101 /* NavegacionJesus */ = {
			isa = PBXGroup;
			children = (
				3DEB3257270528CB00EFF101 /* AppDelegate.swift */,
				3DEB3259270528CB00EFF101 /* SceneDelegate.swift */,
				3DEB325B270528CB00EFF101 /* RosaController.swift */,
				3DEB325D270528CB00EFF101 /* Main.storyboard */,
				3DEB3260270528CE00EFF101 /* Assets.xcassets */,
				3DEB3262270528CE00EFF101 /* LaunchScreen.storyboard */,
				3DEB3265270528CE00EFF101 /* Info.plist */,
				3DEB326B27052ED000EFF101 /* VerdeController.swift */,
			);
			path = NavegacionJesus;
			sourceTree = "<group>";
		};
/* End PBXGroup section */

/* Begin PBXNativeTarget section */
		3DEB3253270528CB00EFF101 /* NavegacionJesus */ = {
			isa = PBXNativeTarget;
			buildConfigurationList = 3DEB3268270528CE00EFF101 /* Build configuration list for PBXNativeTarget "NavegacionJesus" */;
			buildPhases = (
				3DEB3250270528CB00EFF101 /* Sources */,
				3DEB3251270528CB00EFF101 /* Frameworks */,
				3DEB3252270528CB00EFF101 /* Resources */,
			);
			buildRules = (
			);
			dependencies = (
			);
			name = NavegacionJesus;
			productName = NavegacionJesus;
			productReference = 3DEB3254270528CB00EFF101 /* NavegacionJesus.app */;
			productType = "com.apple.product-type.application";
		};
/* End PBXNativeTarget section */

/* Begin PBXProject section */
		3DEB324C270528CB00EFF101 /* Project object */ = {
			isa = PBXProject;
			attributes = {
				LastSwiftUpdateCheck = 1130;
				LastUpgradeCheck = 1130;
				ORGANIZATIONNAME = Alumno;
				TargetAttributes = {
					3DEB3253270528CB00EFF101 = {
						CreatedOnToolsVersion = 11.3.1;
					};
				};
			};
			buildConfigurationList = 3DEB324F270528CB00EFF101 /* Build configuration list for PBXProject "NavegacionJesus" */;
			compatibilityVersion = "Xcode 9.3";
			developmentRegion = en;
			hasScannedForEncodings = 0;
			knownRegions = (
				en,
				Base,
			);
			mainGroup = 3DEB324B270528CB00EFF101;
			productRefGroup = 3DEB3255270528CB00EFF101 /* Products */;
			projectDirPath = "";
			projectRoot = "";
			targets = (
				3DEB3253270528CB00EFF101 /* NavegacionJesus */,
			);
		};
/* End PBXProject section */

/* Begin PBXResourcesBuildPhase section */
		3DEB3252270528CB00EFF101 /* Resources */ = {
			isa = PBXResourcesBuildPhase;
			buildActionMask = 2147483647;
			files = (
				3DEB3264270528CE00EFF101 /* LaunchScreen.storyboard in Resources */,
				3DEB3261270528CE00EFF101 /* Assets.xcassets in Resources */,
				3DEB325F270528CB00EFF101 /* Main.storyboard in Resources */,
			);
			runOnlyForDeploymentPostprocessing = 0;
		};
/* End PBXResourcesBuildPhase section */

/* Begin PBXSourcesBuildPhase section */
		3DEB3250270528CB00EFF101 /* Sources */ = {
			isa = PBXSourcesBuildPhase;
			buildActionMask = 2147483647;
			files = (
				3DEB325C270528CB00EFF101 /* RosaController.swift in Sources */,
				3DEB3258270528CB00EFF101 /* AppDelegate.swift in Sources */,
				3DEB326C27052ED000EFF101 /* VerdeController.swift in Sources */,
				3DEB325A270528CB00EFF101 /* SceneDelegate.swift in Sources */,
			);
			runOnlyForDeploymentPostprocessing = 0;
		};
/* End PBXSourcesBuildPhase section */

/* Begin PBXVariantGroup section */
		3DEB325D270528CB00EFF101 /* Main.storyboard */ = {
			isa = PBXVariantGroup;
			children = (
				3DEB325E270528CB00EFF101 /* Base */,
			);
			name = Main.storyboard;
			sourceTree = "<group>";
		};
		3DEB3262270528CE00EFF101 /* LaunchScreen.storyboard */ = {
			isa = PBXVariantGroup;
			children = (
				3DEB3263270528CE00EFF101 /* Base */,
			);
			name = LaunchScreen.storyboard;
			sourceTree = "<group>";
		};
/* End PBXVariantGroup section */

/* Begin XCBuildConfiguration section */
		3DEB3266270528CE00EFF101 /* Debug */ = {
			isa = XCBuildConfiguration;
			buildSettings = {
				ALWAYS_SEARCH_USER_PATHS = NO;
				CLANG_ANALYZER_NONNULL = YES;
				CLANG_ANALYZER_NUMBER_OBJECT_CONVERSION = YES_AGGRESSIVE;
				CLANG_CXX_LANGUAGE_STANDARD = "gnu++14";
				CLANG_CXX_LIBRARY = "libc++";
				CLANG_ENABLE_MODULES = YES;
				CLANG_ENABLE_OBJC_ARC = YES;
				CLANG_ENABLE_OBJC_WEAK = YES;
				CLANG_WARN_BLOCK_CAPTURE_AUTORELEASING = YES;
				CLANG_WARN_BOOL_CONVERSION = YES;
				CLANG_WARN_COMMA = YES;
				CLANG_WARN_CONSTANT_CONVERSION = YES;
				CLANG_WARN_DEPRECATED_OBJC_IMPLEMENTATIONS = YES;
				CLANG_WARN_DIRECT_OBJC_ISA_USAGE = YES_ERROR;
				CLANG_WARN_DOCUMENTATION_COMMENTS = YES;
				CLANG_WARN_EMPTY_BODY = YES;
				CLANG_WARN_ENUM_CONVERSION = YES;
				CLANG_WARN_INFINITE_RECURSION = YES;
				CLANG_WARN_INT_CONVERSION = YES;
				CLANG_WARN_NON_LITERAL_NULL_CONVERSION = YES;
				CLANG_WARN_OBJC_IMPLICIT_RETAIN_SELF = YES;
				CLANG_WARN_OBJC_LITERAL_CONVERSION = YES;
				CLANG_WARN_OBJC_ROOT_CLASS = YES_ERROR;
				CLANG_WARN_RANGE_LOOP_ANALYSIS = YES;
				CLANG_WARN_STRICT_PROTOTYPES = YES;
				CLANG_WARN_SUSPICIOUS_MOVE = YES;
				CLANG_WARN_UNGUARDED_AVAILABILITY = YES_AGGRESSIVE;
				CLANG_WARN_UNREACHABLE_CODE = YES;
				CLANG_WARN__DUPLICATE_METHOD_MATCH = YES;
				COPY_PHASE_STRIP = NO;
				DEBUG_INFORMATION_FORMAT = dwarf;
				ENABLE_STRICT_OBJC_MSGSEND = YES;
				ENABLE_TESTABILITY = YES;
				GCC_C_LANGUAGE_STANDARD = gnu11;
				GCC_DYNAMIC_NO_PIC = NO;
				GCC_NO_COMMON_BLOCKS = YES;
				GCC_OPTIMIZATION_LEVEL = 0;
				GCC_PREPROCESSOR_DEFINITIONS = (
					"DEBUG=1",
					"$(inherited)",
				);
				GCC_WARN_64_TO_32_BIT_CONVERSION = YES;
				GCC_WARN_ABOUT_RETURN_TYPE = YES_ERROR;
				GCC_WARN_UNDECLARED_SELECTOR = YES;
				GCC_WARN_UNINITIALIZED_AUTOS = YES_AGGRESSIVE;
				GCC_WARN_UNUSED_FUNCTION = YES;
				GCC_WARN_UNUSED_VARIABLE = YES;
				IPHONEOS_DEPLOYMENT_TARGET = 13.2;
				MTL_ENABLE_DEBUG_INFO = INCLUDE_SOURCE;
				MTL_FAST_MATH = YES;
				ONLY_ACTIVE_ARCH = YES;
				SDKROOT = iphoneos;
				SWIFT_ACTIVE_COMPILATION_CONDITIONS = DEBUG;
				SWIFT_OPTIMIZATION_LEVEL = "-Onone";
			};
			name = Debug;
		};
		3DEB3267270528CE00EFF101 /* Release */ = {
			isa = XCBuildConfiguration;
			buildSettings = {
				ALWAYS_SEARCH_USER_PATHS = NO;
				CLANG_ANALYZER_NONNULL = YES;
				CLANG_ANALYZER_NUMBER_OBJECT_CONVERSION = YES_AGGRESSIVE;
				CLANG_CXX_LANGUAGE_STANDARD = "gnu++14";
				CLANG_CXX_LIBRARY = "libc++";
				CLANG_ENABLE_MODULES = YES;
				CLANG_ENABLE_OBJC_ARC = YES;
				CLANG_ENABLE_OBJC_WEAK = YES;
				CLANG_WARN_BLOCK_CAPTURE_AUTORELEASING = YES;
				CLANG_WARN_BOOL_CONVERSION = YES;
				CLANG_WARN_COMMA = YES;
				CLANG_WARN_CONSTANT_CONVERSION = YES;
				CLANG_WARN_DEPRECATED_OBJC_IMPLEMENTATIONS = YES;
				CLANG_WARN_DIRECT_OBJC_ISA_USAGE = YES_ERROR;
				CLANG_WARN_DOCUMENTATION_COMMENTS = YES;
				CLANG_WARN_EMPTY_BODY = YES;
				CLANG_WARN_ENUM_CONVERSION = YES;
				CLANG_WARN_INFINITE_RECURSION = YES;
				CLANG_WARN_INT_CONVERSION = YES;
				CLANG_WARN_NON_LITERAL_NULL_CONVERSION = YES;
				CLANG_WARN_OBJC_IMPLICIT_RETAIN_SELF = YES;
				CLANG_WARN_OBJC_LITERAL_CONVERSION = YES;
				CLANG_WARN_OBJC_ROOT_CLASS = YES_ERROR;
				CLANG_WARN_RANGE_LOOP_ANALYSIS = YES;
				CLANG_WARN_STRICT_PROTOTYPES = YES;
				CLANG_WARN_SUSPICIOUS_MOVE = YES;
				CLANG_WARN_UNGUARDED_AVAILABILITY = YES_AGGRESSIVE;
				CLANG_WARN_UNREACHABLE_CODE = YES;
				CLANG_WARN__DUPLICATE_METHOD_MATCH = YES;
				COPY_PHASE_STRIP = NO;
				DEBUG_INFORMATION_FORMAT = "dwarf-with-dsym";
				ENABLE_NS_ASSERTIONS = NO;
				ENABLE_STRICT_OBJC_MSGSEND = YES;
				GCC_C_LANGUAGE_STANDARD = gnu11;
				GCC_NO_COMMON_BLOCKS = YES;
				GCC_WARN_64_TO_32_BIT_CONVERSION = YES;
				GCC_WARN_ABOUT_RETURN_TYPE = YES_ERROR;
				GCC_WARN_UNDECLARED_SELECTOR = YES;
				GCC_WARN_UNINITIALIZED_AUTOS = YES_AGGRESSIVE;
				GCC_WARN_UNUSED_FUNCTION = YES;
				GCC_WARN_UNUSED_VARIABLE = YES;
				IPHONEOS_DEPLOYMENT_TARGET = 13.2;
				MTL_ENABLE_DEBUG_INFO = NO;
				MTL_FAST_MATH = YES;
				SDKROOT = iphoneos;
				SWIFT_COMPILATION_MODE = wholemodule;
				SWIFT_OPTIMIZATION_LEVEL = "-O";
				VALIDATE_PRODUCT = YES;
			};
			name = Release;
		};
		3DEB3269270528CE00EFF101 /* Debug */ = {
			isa = XCBuildConfiguration;
			buildSettings = {
				ASSETCATALOG_COMPILER_APPICON_NAME = AppIcon;
				CODE_SIGN_STYLE = Automatic;
				INFOPLIST_FILE = NavegacionJesus/Info.plist;
				LD_RUNPATH_SEARCH_PATHS = (
					"$(inherited)",
					"@executable_path/Frameworks",
				);
				PRODUCT_BUNDLE_IDENTIFIER = edu.ulsa.NavegacionJesus;
				PRODUCT_NAME = "$(TARGET_NAME)";
				SWIFT_VERSION = 5.0;
				TARGETED_DEVICE_FAMILY = "1,2";
			};
			name = Debug;
		};
		3DEB326A270528CE00EFF101 /* Release */ = {
			isa = XCBuildConfiguration;
			buildSettings = {
				ASSETCATALOG_COMPILER_APPICON_NAME = AppIcon;
				CODE_SIGN_STYLE = Automatic;
				INFOPLIST_FILE = NavegacionJesus/Info.plist;
				LD_RUNPATH_SEARCH_PATHS = (
					"$(inherited)",
					"@executable_path/Frameworks",
				);
				PRODUCT_BUNDLE_IDENTIFIER = edu.ulsa.NavegacionJesus;
				PRODUCT_NAME = "$(TARGET_NAME)";
				SWIFT_VERSION = 5.0;
				TARGETED_DEVICE_FAMILY = "1,2";
			};
			name = Release;
		};
/* End XCBuildConfiguration section */

/* Begin XCConfigurationList section */
		3DEB324F270528CB00EFF101 /* Build configuration list for PBXProject "NavegacionJesus" */ = {
			isa = XCConfigurationList;
			buildConfigurations = (
				3DEB3266270528CE00EFF101 /* Debug */,
				3DEB3267270528CE00EFF101 /* Release */,
			);
			defaultConfigurationIsVisible = 0;
			defaultConfigurationName = Release;
		};
		3DEB3268270528CE00EFF101 /* Build configuration list for PBXNativeTarget "NavegacionJesus" */ = {
			isa = XCConfigurationList;
			buildConfigurations = (
				3DEB3269270528CE00EFF101 /* Debug */,
				3DEB326A270528CE00EFF101 /* Release */,
			);
			defaultConfigurationIsVisible = 0;
			defaultConfigurationName = Release;
		};
/* End XCConfigurationList section */
	};
	rootObject = 3DEB324C270528CB00EFF101 /* Project object */;
}
